
Microsoft Visual Studio Solution File, Format Version 12.00
# Visual Studio 15
VisualStudioVersion = 15.0.28307.960
MinimumVisualStudioVersion = 10.0.40219.1
Project("{FAE04EC0-301F-11D3-BF4B-00C04F79EFBC}") = "PalindromicNumber", "PalindromicNumber\PalindromicNumber.csproj", "{7D168A05-0BED-492B-9CA2-7143D33C9D1C}"
EndProject
Global
	GlobalSection(SolutionConfigurationPlatforms) = preSolution
		Debug|Any CPU = Debug|Any CPU
		Release|Any CPU = Release|Any CPU
	EndGlobalSection
	GlobalSection(ProjectConfigurationPlatforms) = postSolution
		{7D168A05-0BED-492B-9CA2-7143D33C9D1C}.Debug|Any CPU.ActiveCfg = Debug|Any CPU
		{7D168A05-0BED-492B-9CA2-7143D33C9D1C}.Debug|Any CPU.Build.0 = Debug|Any CPU
		{7D168A05-0BED-492B-9CA2-7143D33C9D1C}.Release|Any CPU.ActiveCfg = Release|Any CPU
		{7D168A05-0BED-492B-9CA2-7143D33C9D1C}.Release|Any CPU.Build.0 = Release|Any CPU
	EndGlobalSection
	GlobalSection(SolutionProperties) = preSolution
		HideSolutionNode = FALSE
	EndGlobalSection
	GlobalSection(ExtensibilityGlobals) = postSolution
		SolutionGuid = {453AB0E1-B223-4FBF-8489-6107A5B2E05B}
	EndGlobalSection
EndGlobal
